
Microsoft Visual Studio Solution File, Format Version 12.00
# Visual Studio Version 17
VisualStudioVersion = 17.0.31912.275
MinimumVisualStudioVersion = 10.0.40219.1
Project("{9A19103F-16F7-4668-BE54-9A1E7A4F7556}") = "JoinMyCarTrip", "JoinMyCarTrip\JoinMyCarTrip.csproj", "{423C9FC2-26B9-43E5-A08E-9954920075AE}"
EndProject
Project("{9A19103F-16F7-4668-BE54-9A1E7A4F7556}") = "JoinMyCarTrip.Application", "JoinMyCarTrip.Application\JoinMyCarTrip.Application.csproj", "{164E42B0-ABEB-470B-9AA1-7B0F4173B691}"
EndProject
Project("{9A19103F-16F7-4668-BE54-9A1E7A4F7556}") = "JoinMyCarTrip.Data", "JoinMyCarTrip.Data\JoinMyCarTrip.Data.csproj", "{002005D5-C7B8-4B81-BCD5-094F03918D31}"
EndProject
Global
	GlobalSection(SolutionConfigurationPlatforms) = preSolution
		Debug|Any CPU = Debug|Any CPU
		Release|Any CPU = Release|Any CPU
	EndGlobalSection
	GlobalSection(ProjectConfigurationPlatforms) = postSolution
		{423C9FC2-26B9-43E5-A08E-9954920075AE}.Debug|Any CPU.ActiveCfg = Debug|Any CPU
		{423C9FC2-26B9-43E5-A08E-9954920075AE}.Debug|Any CPU.Build.0 = Debug|Any CPU
		{423C9FC2-26B9-43E5-A08E-9954920075AE}.Release|Any CPU.ActiveCfg = Release|Any CPU
		{423C9FC2-26B9-43E5-A08E-9954920075AE}.Release|Any CPU.Build.0 = Release|Any CPU
		{164E42B0-ABEB-470B-9AA1-7B0F4173B691}.Debug|Any CPU.ActiveCfg = Debug|Any CPU
		{164E42B0-ABEB-470B-9AA1-7B0F4173B691}.Debug|Any CPU.Build.0 = Debug|Any CPU
		{164E42B0-ABEB-470B-9AA1-7B0F4173B691}.Release|Any CPU.ActiveCfg = Release|Any CPU
		{164E42B0-ABEB-470B-9AA1-7B0F4173B691}.Release|Any CPU.Build.0 = Release|Any CPU
		{002005D5-C7B8-4B81-BCD5-094F03918D31}.Debug|Any CPU.ActiveCfg = Debug|Any CPU
		{002005D5-C7B8-4B81-BCD5-094F03918D31}.Debug|Any CPU.Build.0 = Debug|Any CPU
		{002005D5-C7B8-4B81-BCD5-094F03918D31}.Release|Any CPU.ActiveCfg = Release|Any CPU
		{002005D5-C7B8-4B81-BCD5-094F03918D31}.Release|Any CPU.Build.0 = Release|Any CPU
	EndGlobalSection
	GlobalSection(SolutionProperties) = preSolution
		HideSolutionNode = FALSE
	EndGlobalSection
	GlobalSection(ExtensibilityGlobals) = postSolution
		SolutionGuid = {369522D8-1D4E-49CA-94AA-196808A853BB}
	EndGlobalSection
EndGlobal
